
Microsoft Visual Studio Solution File, Format Version 12.00
# Visual Studio Version 16
VisualStudioVersion = 16.0.31410.357
MinimumVisualStudioVersion = 10.0.40219.1
Project("{888888A0-9F3D-457C-B088-3A5042F75D52}") = "T1DPrediction", "T1DPrediction\T1DPrediction.pyproj", "{7EC56194-F9C7-44B0-98F3-370C52468AB3}"
EndProject
Global
	GlobalSection(SolutionConfigurationPlatforms) = preSolution
		Debug|Any CPU = Debug|Any CPU
		Release|Any CPU = Release|Any CPU
	EndGlobalSection
	GlobalSection(ProjectConfigurationPlatforms) = postSolution
		{7EC56194-F9C7-44B0-98F3-370C52468AB3}.Debug|Any CPU.ActiveCfg = Debug|Any CPU
		{7EC56194-F9C7-44B0-98F3-370C52468AB3}.Release|Any CPU.ActiveCfg = Release|Any CPU
	EndGlobalSection
	GlobalSection(SolutionProperties) = preSolution
		HideSolutionNode = FALSE
	EndGlobalSection
	GlobalSection(ExtensibilityGlobals) = postSolution
		SolutionGuid = {8ABE4C6B-4774-4B17-A850-B31C98E2D19D}
	EndGlobalSection
EndGlobal
